// !$*UTF8*$!
{
	archiveVersion = 1;
	classes = {
	};
	objectVersion = 56;
	objects = {

/* Begin PBXBuildFile section */
		B11B66E72B4426AA00AAC8A2 /* CatchTheApple Watch App.app in Embed Watch Content */ = {isa = PBXBuildFile; fileRef = B11B66E62B4426AA00AAC8A2 /* CatchTheApple Watch App.app */; settings = {ATTRIBUTES = (RemoveHeadersOnCopy, ); }; };
		B11B66EC2B4426AA00AAC8A2 /* CatchTheAppleApp.swift in Sources */ = {isa = PBXBuildFile; fileRef = B11B66EB2B4426AA00AAC8A2 /* CatchTheAppleApp.swift */; };
		B11B66EE2B4426AA00AAC8A2 /* ContentView.swift in Sources */ = {isa = PBXBuildFile; fileRef = B11B66ED2B4426AA00AAC8A2 /* ContentView.swift */; };
		B11B66F02B4426AB00AAC8A2 /* Assets.xcassets in Resources */ = {isa = PBXBuildFile; fileRef = B11B66EF2B4426AB00AAC8A2 /* Assets.xcassets */; };
		B11B66F32B4426AB00AAC8A2 /* Preview Assets.xcassets in Resources */ = {isa = PBXBuildFile; fileRef = B11B66F22B4426AB00AAC8A2 /* Preview Assets.xcassets */; };
/* End PBXBuildFile section */

/* Begin PBXContainerItemProxy section */
		B11B66E82B4426AA00AAC8A2 /* PBXContainerItemProxy */ = {
			isa = PBXContainerItemProxy;
			containerPortal = B11B66DA2B4426A900AAC8A2 /* Project object */;
			proxyType = 1;
			remoteGlobalIDString = B11B66E52B4426AA00AAC8A2;
			remoteInfo = "CatchTheApple Watch App";
		};
/* End PBXContainerItemProxy section */

/* Begin PBXCopyFilesBuildPhase section */
		B11B66F92B4426AB00AAC8A2 /* Embed Watch Content */ = {
			isa = PBXCopyFilesBuildPhase;
			buildActionMask = 2147483647;
			dstPath = "$(CONTENTS_FOLDER_PATH)/Watch";
			dstSubfolderSpec = 16;
			files = (
				B11B66E72B4426AA00AAC8A2 /* CatchTheApple Watch App.app in Embed Watch Content */,
			);
			name = "Embed Watch Content";
			runOnlyForDeploymentPostprocessing = 0;
		};
/* End PBXCopyFilesBuildPhase section */

/* Begin PBXFileReference section */
		B11B66E02B4426AA00AAC8A2 /* CatchTheApple.app */ = {isa = PBXFileReference; explicitFileType = wrapper.application; includeInIndex = 0; path = CatchTheApple.app; sourceTree = BUILT_PRODUCTS_DIR; };
		B11B66E62B4426AA00AAC8A2 /* CatchTheApple Watch App.app */ = {isa = PBXFileReference; explicitFileType = wrapper.application; includeInIndex = 0; path = "CatchTheApple Watch App.app"; sourceTree = BUILT_PRODUCTS_DIR; };
		B11B66EB2B4426AA00AAC8A2 /* CatchTheAppleApp.swift */ = {isa = PBXFileReference; lastKnownFileType = sourcecode.swift; path = CatchTheAppleApp.swift; sourceTree = "<group>"; };
		B11B66ED2B4426AA00AAC8A2 /* ContentView.swift */ = {isa = PBXFileReference; lastKnownFileType = sourcecode.swift; path = ContentView.swift; sourceTree = "<group>"; };
		B11B66EF2B4426AB00AAC8A2 /* Assets.xcassets */ = {isa = PBXFileReference; lastKnownFileType = folder.assetcatalog; path = Assets.xcassets; sourceTree = "<group>"; };
		B11B66F22B4426AB00AAC8A2 /* Preview Assets.xcassets */ = {isa = PBXFileReference; lastKnownFileType = folder.assetcatalog; path = "Preview Assets.xcassets"; sourceTree = "<group>"; };
/* End PBXFileReference section */

/* Begin PBXFrameworksBuildPhase section */
		B11B66E32B4426AA00AAC8A2 /* Frameworks */ = {
			isa = PBXFrameworksBuildPhase;
			buildActionMask = 2147483647;
			files = (
			);
			runOnlyForDeploymentPostprocessing = 0;
		};
/* End PBXFrameworksBuildPhase section */

/* Begin PBXGroup section */
		B11B66D92B4426A900AAC8A2 = {
			isa = PBXGroup;
			children = (
				B11B66EA2B4426AA00AAC8A2 /* CatchTheApple Watch App */,
				B11B66E12B4426AA00AAC8A2 /* Products */,
			);
			sourceTree = "<group>";
		};
		B11B66E12B4426AA00AAC8A2 /* Products */ = {
			isa = PBXGroup;
			children = (
				B11B66E02B4426AA00AAC8A2 /* CatchTheApple.app */,
				B11B66E62B4426AA00AAC8A2 /* CatchTheApple Watch App.app */,
			);
			name = Products;
			sourceTree = "<group>";
		};
		B11B66EA2B4426AA00AAC8A2 /* CatchTheApple Watch App */ = {
			isa = PBXGroup;
			children = (
				B11B66EB2B4426AA00AAC8A2 /* CatchTheAppleApp.swift */,
				B11B66ED2B4426AA00AAC8A2 /* ContentView.swift */,
				B11B66EF2B4426AB00AAC8A2 /* Assets.xcassets */,
				B11B66F12B4426AB00AAC8A2 /* Preview Content */,
			);
			path = "CatchTheApple Watch App";
			sourceTree = "<group>";
		};
		B11B66F12B4426AB00AAC8A2 /* Preview Content */ = {
			isa = PBXGroup;
			children = (
				B11B66F22B4426AB00AAC8A2 /* Preview Assets.xcassets */,
			);
			path = "Preview Content";
			sourceTree = "<group>";
		};
/* End PBXGroup section */

/* Begin PBXNativeTarget section */
		B11B66DF2B4426A900AAC8A2 /* CatchTheApple */ = {
			isa = PBXNativeTarget;
			buildConfigurationList = B11B66FA2B4426AB00AAC8A2 /* Build configuration list for PBXNativeTarget "CatchTheApple" */;
			buildPhases = (
				B11B66DE2B4426A900AAC8A2 /* Resources */,
				B11B66F92B4426AB00AAC8A2 /* Embed Watch Content */,
			);
			buildRules = (
			);
			dependencies = (
				B11B66E92B4426AA00AAC8A2 /* PBXTargetDependency */,
			);
			name = CatchTheApple;
			productName = CatchTheApple;
			productReference = B11B66E02B4426AA00AAC8A2 /* CatchTheApple.app */;
			productType = "com.apple.product-type.application.watchapp2-container";
		};
		B11B66E52B4426AA00AAC8A2 /* CatchTheApple Watch App */ = {
			isa = PBXNativeTarget;
			buildConfigurationList = B11B66F62B4426AB00AAC8A2 /* Build configuration list for PBXNativeTarget "CatchTheApple Watch App" */;
			buildPhases = (
				B11B66E22B4426AA00AAC8A2 /* Sources */,
				B11B66E32B4426AA00AAC8A2 /* Frameworks */,
				B11B66E42B4426AA00AAC8A2 /* Resources */,
			);
			buildRules = (
			);
			dependencies = (
			);
			name = "CatchTheApple Watch App";
			productName = "CatchTheApple Watch App";
			productReference = B11B66E62B4426AA00AAC8A2 /* CatchTheApple Watch App.app */;
			productType = "com.apple.product-type.application";
		};
/* End PBXNativeTarget section */

/* Begin PBXProject section */
		B11B66DA2B4426A900AAC8A2 /* Project object */ = {
			isa = PBXProject;
			attributes = {
				BuildIndependentTargetsInParallel = 1;
				LastSwiftUpdateCheck = 1510;
				LastUpgradeCheck = 1510;
				TargetAttributes = {
					B11B66DF2B4426A900AAC8A2 = {
						CreatedOnToolsVersion = 15.1;
					};
					B11B66E52B4426AA00AAC8A2 = {
						CreatedOnToolsVersion = 15.1;
					};
				};
			};
			buildConfigurationList = B11B66DD2B4426A900AAC8A2 /* Build configuration list for PBXProject "CatchTheApple" */;
			compatibilityVersion = "Xcode 14.0";
			developmentRegion = en;
			hasScannedForEncodings = 0;
			knownRegions = (
				en,
				Base,
			);
			mainGroup = B11B66D92B4426A900AAC8A2;
			productRefGroup = B11B66E12B4426AA00AAC8A2 /* Products */;
			projectDirPath = "";
			projectRoot = "";
			targets = (
				B11B66DF2B4426A900AAC8A2 /* CatchTheApple */,
				B11B66E52B4426AA00AAC8A2 /* CatchTheApple Watch App */,
			);
		};
/* End PBXProject section */

/* Begin PBXResourcesBuildPhase section */
		B11B66DE2B4426A900AAC8A2 /* Resources */ = {
			isa = PBXResourcesBuildPhase;
			buildActionMask = 2147483647;
			files = (
			);
			runOnlyForDeploymentPostprocessing = 0;
		};
		B11B66E42B4426AA00AAC8A2 /* Resources */ = {
			isa = PBXResourcesBuildPhase;
			buildActionMask = 2147483647;
			files = (
				B11B66F32B4426AB00AAC8A2 /* Preview Assets.xcassets in Resources */,
				B11B66F02B4426AB00AAC8A2 /* Assets.xcassets in Resources */,
			);
			runOnlyForDeploymentPostprocessing = 0;
		};
/* End PBXResourcesBuildPhase section */

/* Begin PBXSourcesBuildPhase section */
		B11B66E22B4426AA00AAC8A2 /* Sources */ = {
			isa = PBXSourcesBuildPhase;
			buildActionMask = 2147483647;
			files = (
				B11B66EE2B4426AA00AAC8A2 /* ContentView.swift in Sources */,
				B11B66EC2B4426AA00AAC8A2 /* CatchTheAppleApp.swift in Sources */,
			);
			runOnlyForDeploymentPostprocessing = 0;
		};
/* End PBXSourcesBuildPhase section */

/* Begin PBXTargetDependency section */
		B11B66E92B4426AA00AAC8A2 /* PBXTargetDependency */ = {
			isa = PBXTargetDependency;
			target = B11B66E52B4426AA00AAC8A2 /* CatchTheApple Watch App */;
			targetProxy = B11B66E82B4426AA00AAC8A2 /* PBXContainerItemProxy */;
		};
/* End PBXTargetDependency section */

/* Begin XCBuildConfiguration section */
		B11B66F42B4426AB00AAC8A2 /* Debug */ = {
			isa = XCBuildConfiguration;
			buildSettings = {
				ALWAYS_SEARCH_USER_PATHS = NO;
				ASSETCATALOG_COMPILER_GENERATE_SWIFT_ASSET_SYMBOL_EXTENSIONS = YES;
				CLANG_ANALYZER_NONNULL = YES;
				CLANG_ANALYZER_NUMBER_OBJECT_CONVERSION = YES_AGGRESSIVE;
				CLANG_CXX_LANGUAGE_STANDARD = "gnu++20";
				CLANG_ENABLE_MODULES = YES;
				CLANG_ENABLE_OBJC_ARC = YES;
				CLANG_ENABLE_OBJC_WEAK = YES;
				CLANG_WARN_BLOCK_CAPTURE_AUTORELEASING = YES;
				CLANG_WARN_BOOL_CONVERSION = YES;
				CLANG_WARN_COMMA = YES;
				CLANG_WARN_CONSTANT_CONVERSION = YES;
				CLANG_WARN_DEPRECATED_OBJC_IMPLEMENTATIONS = YES;
				CLANG_WARN_DIRECT_OBJC_ISA_USAGE = YES_ERROR;
				CLANG_WARN_DOCUMENTATION_COMMENTS = YES;
				CLANG_WARN_EMPTY_BODY = YES;
				CLANG_WARN_ENUM_CONVERSION = YES;
				CLANG_WARN_INFINITE_RECURSION = YES;
				CLANG_WARN_INT_CONVERSION = YES;
				CLANG_WARN_NON_LITERAL_NULL_CONVERSION = YES;
				CLANG_WARN_OBJC_IMPLICIT_RETAIN_SELF = YES;
				CLANG_WARN_OBJC_LITERAL_CONVERSION = YES;
				CLANG_WARN_OBJC_ROOT_CLASS = YES_ERROR;
				CLANG_WARN_QUOTED_INCLUDE_IN_FRAMEWORK_HEADER = YES;
				CLANG_WARN_RANGE_LOOP_ANALYSIS = YES;
				CLANG_WARN_STRICT_PROTOTYPES = YES;
				CLANG_WARN_SUSPICIOUS_MOVE = YES;
				CLANG_WARN_UNGUARDED_AVAILABILITY = YES_AGGRESSIVE;
				CLANG_WARN_UNREACHABLE_CODE = YES;
				CLANG_WARN__DUPLICATE_METHOD_MATCH = YES;
				COPY_PHASE_STRIP = NO;
				DEBUG_INFORMATION_FORMAT = dwarf;
				ENABLE_STRICT_OBJC_MSGSEND = YES;
				ENABLE_TESTABILITY = YES;
				ENABLE_USER_SCRIPT_SANDBOXING = YES;
				GCC_C_LANGUAGE_STANDARD = gnu17;
				GCC_DYNAMIC_NO_PIC = NO;
				GCC_NO_COMMON_BLOCKS = YES;
				GCC_OPTIMIZATION_LEVEL = 0;
				GCC_PREPROCESSOR_DEFINITIONS = (
					"DEBUG=1",
					"$(inherited)",
				);
				GCC_WARN_64_TO_32_BIT_CONVERSION = YES;
				GCC_WARN_ABOUT_RETURN_TYPE = YES_ERROR;
				GCC_WARN_UNDECLARED_SELECTOR = YES;
				GCC_WARN_UNINITIALIZED_AUTOS = YES_AGGRESSIVE;
				GCC_WARN_UNUSED_FUNCTION = YES;
				GCC_WARN_UNUSED_VARIABLE = YES;
				LOCALIZATION_PREFERS_STRING_CATALOGS = YES;
				MTL_ENABLE_DEBUG_INFO = INCLUDE_SOURCE;
				MTL_FAST_MATH = YES;
				ONLY_ACTIVE_ARCH = YES;
				SWIFT_ACTIVE_COMPILATION_CONDITIONS = "DEBUG $(inherited)";
				SWIFT_OPTIMIZATION_LEVEL = "-Onone";
			};
			name = Debug;
		};
		B11B66F52B4426AB00AAC8A2 /* Release */ = {
			isa = XCBuildConfiguration;
			buildSettings = {
				ALWAYS_SEARCH_USER_PATHS = NO;
				ASSETCATALOG_COMPILER_GENERATE_SWIFT_ASSET_SYMBOL_EXTENSIONS = YES;
				CLANG_ANALYZER_NONNULL = YES;
				CLANG_ANALYZER_NUMBER_OBJECT_CONVERSION = YES_AGGRESSIVE;
				CLANG_CXX_LANGUAGE_STANDARD = "gnu++20";
				CLANG_ENABLE_MODULES = YES;
				CLANG_ENABLE_OBJC_ARC = YES;
				CLANG_ENABLE_OBJC_WEAK = YES;
				CLANG_WARN_BLOCK_CAPTURE_AUTORELEASING = YES;
				CLANG_WARN_BOOL_CONVERSION = YES;
				CLANG_WARN_COMMA = YES;
				CLANG_WARN_CONSTANT_CONVERSION = YES;
				CLANG_WARN_DEPRECATED_OBJC_IMPLEMENTATIONS = YES;
				CLANG_WARN_DIRECT_OBJC_ISA_USAGE = YES_ERROR;
				CLANG_WARN_DOCUMENTATION_COMMENTS = YES;
				CLANG_WARN_EMPTY_BODY = YES;
				CLANG_WARN_ENUM_CONVERSION = YES;
				CLANG_WARN_INFINITE_RECURSION = YES;
				CLANG_WARN_INT_CONVERSION = YES;
				CLANG_WARN_NON_LITERAL_NULL_CONVERSION = YES;
				CLANG_WARN_OBJC_IMPLICIT_RETAIN_SELF = YES;
				CLANG_WARN_OBJC_LITERAL_CONVERSION = YES;
				CLANG_WARN_OBJC_ROOT_CLASS = YES_ERROR;
				CLANG_WARN_QUOTED_INCLUDE_IN_FRAMEWORK_HEADER = YES;
				CLANG_WARN_RANGE_LOOP_ANALYSIS = YES;
				CLANG_WARN_STRICT_PROTOTYPES = YES;
				CLANG_WARN_SUSPICIOUS_MOVE = YES;
				CLANG_WARN_UNGUARDED_AVAILABILITY = YES_AGGRESSIVE;
				CLANG_WARN_UNREACHABLE_CODE = YES;
				CLANG_WARN__DUPLICATE_METHOD_MATCH = YES;
				COPY_PHASE_STRIP = NO;
				DEBUG_INFORMATION_FORMAT = "dwarf-with-dsym";
				ENABLE_NS_ASSERTIONS = NO;
				ENABLE_STRICT_OBJC_MSGSEND = YES;
				ENABLE_USER_SCRIPT_SANDBOXING = YES;
				GCC_C_LANGUAGE_STANDARD = gnu17;
				GCC_NO_COMMON_BLOCKS = YES;
				GCC_WARN_64_TO_32_BIT_CONVERSION = YES;
				GCC_WARN_ABOUT_RETURN_TYPE = YES_ERROR;
				GCC_WARN_UNDECLARED_SELECTOR = YES;
				GCC_WARN_UNINITIALIZED_AUTOS = YES_AGGRESSIVE;
				GCC_WARN_UNUSED_FUNCTION = YES;
				GCC_WARN_UNUSED_VARIABLE = YES;
				LOCALIZATION_PREFERS_STRING_CATALOGS = YES;
				MTL_ENABLE_DEBUG_INFO = NO;
				MTL_FAST_MATH = YES;
				SWIFT_COMPILATION_MODE = wholemodule;
			};
			name = Release;
		};
		B11B66F72B4426AB00AAC8A2 /* Debug */ = {
			isa = XCBuildConfiguration;
			buildSettings = {
				ASSETCATALOG_COMPILER_APPICON_NAME = AppIcon;
				ASSETCATALOG_COMPILER_GLOBAL_ACCENT_COLOR_NAME = AccentColor;
				CODE_SIGN_STYLE = Automatic;
				CURRENT_PROJECT_VERSION = 1;
				DEVELOPMENT_ASSET_PATHS = "\"CatchTheApple Watch App/Preview Content\"";
				DEVELOPMENT_TEAM = T6Y826PCAK;
				ENABLE_PREVIEWS = YES;
				GENERATE_INFOPLIST_FILE = YES;
				INFOPLIST_KEY_CFBundleDisplayName = CatchTheApple;
				INFOPLIST_KEY_UISupportedInterfaceOrientations = "UIInterfaceOrientationPortrait UIInterfaceOrientationPortraitUpsideDown";
				INFOPLIST_KEY_WKWatchOnly = YES;
				LD_RUNPATH_SEARCH_PATHS = (
					"$(inherited)",
					"@executable_path/Frameworks",
				);
				MARKETING_VERSION = 1.0;
				PRODUCT_BUNDLE_IDENTIFIER = dev.paulober.CatchTheApple.watchkitapp;
				PRODUCT_NAME = "$(TARGET_NAME)";
				SDKROOT = watchos;
				SKIP_INSTALL = YES;
				SWIFT_EMIT_LOC_STRINGS = YES;
				SWIFT_VERSION = 5.0;
				TARGETED_DEVICE_FAMILY = 4;
				WATCHOS_DEPLOYMENT_TARGET = 10.2;
			};
			name = Debug;
		};
		B11B66F82B4426AB00AAC8A2 /* Release */ = {
			isa = XCBuildConfiguration;
			buildSettings = {
				ASSETCATALOG_COMPILER_APPICON_NAME = AppIcon;
				ASSETCATALOG_COMPILER_GLOBAL_ACCENT_COLOR_NAME = AccentColor;
				CODE_SIGN_STYLE = Automatic;
				CURRENT_PROJECT_VERSION = 1;
				DEVELOPMENT_ASSET_PATHS = "\"CatchTheApple Watch App/Preview Content\"";
				DEVELOPMENT_TEAM = T6Y826PCAK;
				ENABLE_PREVIEWS = YES;
				GENERATE_INFOPLIST_FILE = YES;
				INFOPLIST_KEY_CFBundleDisplayName = CatchTheApple;
				INFOPLIST_KEY_UISupportedInterfaceOrientations = "UIInterfaceOrientationPortrait UIInterfaceOrientationPortraitUpsideDown";
				INFOPLIST_KEY_WKWatchOnly = YES;
				LD_RUNPATH_SEARCH_PATHS = (
					"$(inherited)",
					"@executable_path/Frameworks",
				);
				MARKETING_VERSION = 1.0;
				PRODUCT_BUNDLE_IDENTIFIER = dev.paulober.CatchTheApple.watchkitapp;
				PRODUCT_NAME = "$(TARGET_NAME)";
				SDKROOT = watchos;
				SKIP_INSTALL = YES;
				SWIFT_EMIT_LOC_STRINGS = YES;
				SWIFT_VERSION = 5.0;
				TARGETED_DEVICE_FAMILY = 4;
				VALIDATE_PRODUCT = YES;
				WATCHOS_DEPLOYMENT_TARGET = 10.2;
			};
			name = Release;
		};
		B11B66FB2B4426AB00AAC8A2 /* Debug */ = {
			isa = XCBuildConfiguration;
			buildSettings = {
				ALWAYS_EMBED_SWIFT_STANDARD_LIBRARIES = YES;
				CODE_SIGN_STYLE = Automatic;
				CURRENT_PROJECT_VERSION = 1;
				DEVELOPMENT_TEAM = T6Y826PCAK;
				INFOPLIST_KEY_CFBundleDisplayName = CatchTheApple;
				MARKETING_VERSION = 1.0;
				PRODUCT_BUNDLE_IDENTIFIER = dev.paulober.CatchTheApple;
				PRODUCT_NAME = "$(TARGET_NAME)";
				SDKROOT = iphoneos;
				SWIFT_VERSION = 5.0;
			};
			name = Debug;
		};
		B11B66FC2B4426AB00AAC8A2 /* Release */ = {
			isa = XCBuildConfiguration;
			buildSettings = {
				ALWAYS_EMBED_SWIFT_STANDARD_LIBRARIES = YES;
				CODE_SIGN_STYLE = Automatic;
				CURRENT_PROJECT_VERSION = 1;
				DEVELOPMENT_TEAM = T6Y826PCAK;
				INFOPLIST_KEY_CFBundleDisplayName = CatchTheApple;
				MARKETING_VERSION = 1.0;
				PRODUCT_BUNDLE_IDENTIFIER = dev.paulober.CatchTheApple;
				PRODUCT_NAME = "$(TARGET_NAME)";
				SDKROOT = iphoneos;
				SWIFT_VERSION = 5.0;
				VALIDATE_PRODUCT = YES;
			};
			name = Release;
		};
/* End XCBuildConfiguration section */

/* Begin XCConfigurationList section */
		B11B66DD2B4426A900AAC8A2 /* Build configuration list for PBXProject "CatchTheApple" */ = {
			isa = XCConfigurationList;
			buildConfigurations = (
				B11B66F42B4426AB00AAC8A2 /* Debug */,
				B11B66F52B4426AB00AAC8A2 /* Release */,
			);
			defaultConfigurationIsVisible = 0;
			defaultConfigurationName = Release;
		};
		B11B66F62B4426AB00AAC8A2 /* Build configuration list for PBXNativeTarget "CatchTheApple Watch App" */ = {
			isa = XCConfigurationList;
			buildConfigurations = (
				B11B66F72B4426AB00AAC8A2 /* Debug */,
				B11B66F82B4426AB00AAC8A2 /* Release */,
			);
			defaultConfigurationIsVisible = 0;
			defaultConfigurationName = Release;
		};
		B11B66FA2B4426AB00AAC8A2 /* Build configuration list for PBXNativeTarget "CatchTheApple" */ = {
			isa = XCConfigurationList;
			buildConfigurations = (
				B11B66FB2B4426AB00AAC8A2 /* Debug */,
				B11B66FC2B4426AB00AAC8A2 /* Release */,
			);
			defaultConfigurationIsVisible = 0;
			defaultConfigurationName = Release;
		};
/* End XCConfigurationList section */
	};
	rootObject = B11B66DA2B4426A900AAC8A2 /* Project object */;
}
